
Microsoft Visual Studio Solution File, Format Version 12.00
# Visual Studio Version 16
VisualStudioVersion = 16.0.32413.511
MinimumVisualStudioVersion = 10.0.40219.1
Project("{FAE04EC0-301F-11D3-BF4B-00C04F79EFBC}") = "Habit Tracker", "Habit Tracker.csproj", "{069A2E18-BD67-4C9B-9957-BA5947C80225}"
EndProject
Global
	GlobalSection(SolutionConfigurationPlatforms) = preSolution
		Debug|Any CPU = Debug|Any CPU
		Release|Any CPU = Release|Any CPU
	EndGlobalSection
	GlobalSection(ProjectConfigurationPlatforms) = postSolution
		{069A2E18-BD67-4C9B-9957-BA5947C80225}.Debug|Any CPU.ActiveCfg = Debug|Any CPU
		{069A2E18-BD67-4C9B-9957-BA5947C80225}.Debug|Any CPU.Build.0 = Debug|Any CPU
		{069A2E18-BD67-4C9B-9957-BA5947C80225}.Release|Any CPU.ActiveCfg = Release|Any CPU
		{069A2E18-BD67-4C9B-9957-BA5947C80225}.Release|Any CPU.Build.0 = Release|Any CPU
	EndGlobalSection
	GlobalSection(SolutionProperties) = preSolution
		HideSolutionNode = FALSE
	EndGlobalSection
	GlobalSection(ExtensibilityGlobals) = postSolution
		SolutionGuid = {565F219B-5F3A-4ABA-9741-6C89F29DA62D}
	EndGlobalSection
EndGlobal
